
Microsoft Visual Studio Solution File, Format Version 12.00
# Visual Studio Version 16
VisualStudioVersion = 16.0.30413.136
MinimumVisualStudioVersion = 10.0.40219.1
Project("{8BC9CEB8-8B4A-11D0-8D11-00A0C91BC942}") = "file_client", "file_client\file_client.vcxproj", "{4AC5B262-B16C-4533-BE8B-64251E174D7A}"
EndProject
Project("{8BC9CEB8-8B4A-11D0-8D11-00A0C91BC942}") = "file_service_java", "file_client_java\file_client_java.vcxproj", "{F0D0DFCE-BC35-4DB0-97F3-758B42A0EF7E}"
EndProject
Project("{8BC9CEB8-8B4A-11D0-8D11-00A0C91BC942}") = "str_client", "str_client\str_client.vcxproj", "{9F6BEA6E-1F36-4E95-9615-9C047FE4BEF5}"
EndProject
Project("{8BC9CEB8-8B4A-11D0-8D11-00A0C91BC942}") = "str_service", "str_service\str_service.vcxproj", "{F16E51E7-F479-4D68-B1A4-021590F9051B}"
EndProject
Project("{8BC9CEB8-8B4A-11D0-8D11-00A0C91BC942}") = "file_service_qt", "file_service_qt\file_service_qt.vcxproj", "{B271A28A-AC6D-44EB-87C8-335226DE09E9}"
EndProject
Project("{8BC9CEB8-8B4A-11D0-8D11-00A0C91BC942}") = "test_qt", "test_qt\test_qt.vcxproj", "{28DEA53C-56FC-40F8-9B50-3866B55F8A1E}"
EndProject
Project("{8BC9CEB8-8B4A-11D0-8D11-00A0C91BC942}") = "test", "test\test.vcxproj", "{012C28B3-164D-4600-B99D-217418B17EAF}"
EndProject
Global
	GlobalSection(SolutionConfigurationPlatforms) = preSolution
		Debug|Win32 = Debug|Win32
		Debug|x64 = Debug|x64
		Release|Win32 = Release|Win32
		Release|x64 = Release|x64
	EndGlobalSection
	GlobalSection(ProjectConfigurationPlatforms) = postSolution
		{4AC5B262-B16C-4533-BE8B-64251E174D7A}.Debug|Win32.ActiveCfg = Debug|Win32
		{4AC5B262-B16C-4533-BE8B-64251E174D7A}.Debug|Win32.Build.0 = Debug|Win32
		{4AC5B262-B16C-4533-BE8B-64251E174D7A}.Debug|x64.ActiveCfg = Debug|x64
		{4AC5B262-B16C-4533-BE8B-64251E174D7A}.Debug|x64.Build.0 = Debug|x64
		{4AC5B262-B16C-4533-BE8B-64251E174D7A}.Release|Win32.ActiveCfg = Release|Win32
		{4AC5B262-B16C-4533-BE8B-64251E174D7A}.Release|Win32.Build.0 = Release|Win32
		{4AC5B262-B16C-4533-BE8B-64251E174D7A}.Release|x64.ActiveCfg = Release|x64
		{4AC5B262-B16C-4533-BE8B-64251E174D7A}.Release|x64.Build.0 = Release|x64
		{F0D0DFCE-BC35-4DB0-97F3-758B42A0EF7E}.Debug|Win32.ActiveCfg = Debug|Win32
		{F0D0DFCE-BC35-4DB0-97F3-758B42A0EF7E}.Debug|Win32.Build.0 = Debug|Win32
		{F0D0DFCE-BC35-4DB0-97F3-758B42A0EF7E}.Debug|x64.ActiveCfg = Debug|x64
		{F0D0DFCE-BC35-4DB0-97F3-758B42A0EF7E}.Debug|x64.Build.0 = Debug|x64
		{F0D0DFCE-BC35-4DB0-97F3-758B42A0EF7E}.Release|Win32.ActiveCfg = Release|Win32
		{F0D0DFCE-BC35-4DB0-97F3-758B42A0EF7E}.Release|Win32.Build.0 = Release|Win32
		{F0D0DFCE-BC35-4DB0-97F3-758B42A0EF7E}.Release|x64.ActiveCfg = Release|x64
		{F0D0DFCE-BC35-4DB0-97F3-758B42A0EF7E}.Release|x64.Build.0 = Release|x64
		{9F6BEA6E-1F36-4E95-9615-9C047FE4BEF5}.Debug|Win32.ActiveCfg = Debug|Win32
		{9F6BEA6E-1F36-4E95-9615-9C047FE4BEF5}.Debug|Win32.Build.0 = Debug|Win32
		{9F6BEA6E-1F36-4E95-9615-9C047FE4BEF5}.Debug|x64.ActiveCfg = Debug|x64
		{9F6BEA6E-1F36-4E95-9615-9C047FE4BEF5}.Debug|x64.Build.0 = Debug|x64
		{9F6BEA6E-1F36-4E95-9615-9C047FE4BEF5}.Release|Win32.ActiveCfg = Release|Win32
		{9F6BEA6E-1F36-4E95-9615-9C047FE4BEF5}.Release|Win32.Build.0 = Release|Win32
		{9F6BEA6E-1F36-4E95-9615-9C047FE4BEF5}.Release|x64.ActiveCfg = Release|x64
		{9F6BEA6E-1F36-4E95-9615-9C047FE4BEF5}.Release|x64.Build.0 = Release|x64
		{F16E51E7-F479-4D68-B1A4-021590F9051B}.Debug|Win32.ActiveCfg = Debug|Win32
		{F16E51E7-F479-4D68-B1A4-021590F9051B}.Debug|Win32.Build.0 = Debug|Win32
		{F16E51E7-F479-4D68-B1A4-021590F9051B}.Debug|x64.ActiveCfg = Debug|x64
		{F16E51E7-F479-4D68-B1A4-021590F9051B}.Debug|x64.Build.0 = Debug|x64
		{F16E51E7-F479-4D68-B1A4-021590F9051B}.Release|Win32.ActiveCfg = Release|Win32
		{F16E51E7-F479-4D68-B1A4-021590F9051B}.Release|Win32.Build.0 = Release|Win32
		{F16E51E7-F479-4D68-B1A4-021590F9051B}.Release|x64.ActiveCfg = Release|x64
		{F16E51E7-F479-4D68-B1A4-021590F9051B}.Release|x64.Build.0 = Release|x64
		{B271A28A-AC6D-44EB-87C8-335226DE09E9}.Debug|Win32.ActiveCfg = Debug|x64
		{B271A28A-AC6D-44EB-87C8-335226DE09E9}.Debug|x64.ActiveCfg = Debug|x64
		{B271A28A-AC6D-44EB-87C8-335226DE09E9}.Debug|x64.Build.0 = Debug|x64
		{B271A28A-AC6D-44EB-87C8-335226DE09E9}.Release|Win32.ActiveCfg = Release|x64
		{B271A28A-AC6D-44EB-87C8-335226DE09E9}.Release|x64.ActiveCfg = Release|x64
		{B271A28A-AC6D-44EB-87C8-335226DE09E9}.Release|x64.Build.0 = Release|x64
		{28DEA53C-56FC-40F8-9B50-3866B55F8A1E}.Debug|Win32.ActiveCfg = Debug|x64
		{28DEA53C-56FC-40F8-9B50-3866B55F8A1E}.Debug|x64.ActiveCfg = Debug|x64
		{28DEA53C-56FC-40F8-9B50-3866B55F8A1E}.Debug|x64.Build.0 = Debug|x64
		{28DEA53C-56FC-40F8-9B50-3866B55F8A1E}.Release|Win32.ActiveCfg = Release|x64
		{28DEA53C-56FC-40F8-9B50-3866B55F8A1E}.Release|x64.ActiveCfg = Release|x64
		{28DEA53C-56FC-40F8-9B50-3866B55F8A1E}.Release|x64.Build.0 = Release|x64
		{012C28B3-164D-4600-B99D-217418B17EAF}.Debug|Win32.ActiveCfg = Debug|Win32
		{012C28B3-164D-4600-B99D-217418B17EAF}.Debug|Win32.Build.0 = Debug|Win32
		{012C28B3-164D-4600-B99D-217418B17EAF}.Debug|x64.ActiveCfg = Debug|x64
		{012C28B3-164D-4600-B99D-217418B17EAF}.Debug|x64.Build.0 = Debug|x64
		{012C28B3-164D-4600-B99D-217418B17EAF}.Release|Win32.ActiveCfg = Release|Win32
		{012C28B3-164D-4600-B99D-217418B17EAF}.Release|Win32.Build.0 = Release|Win32
		{012C28B3-164D-4600-B99D-217418B17EAF}.Release|x64.ActiveCfg = Release|x64
		{012C28B3-164D-4600-B99D-217418B17EAF}.Release|x64.Build.0 = Release|x64
	EndGlobalSection
	GlobalSection(SolutionProperties) = preSolution
		HideSolutionNode = FALSE
	EndGlobalSection
	GlobalSection(ExtensibilityGlobals) = postSolution
		SolutionGuid = {5CD4328B-1BDB-42CD-B810-65275EACD0ED}
	EndGlobalSection
EndGlobal
